
Microsoft Visual Studio Solution File, Format Version 12.00
# Visual Studio 15
VisualStudioVersion = 15.0.33529.398
MinimumVisualStudioVersion = 10.0.40219.1
Project("{FAE04EC0-301F-11D3-BF4B-00C04F79EFBC}") = "Listas_ejer1", "Listas_ejer1\Listas_ejer1.csproj", "{8C1542A1-95B2-47A3-95F6-67487E6E9F07}"
EndProject
Global
	GlobalSection(SolutionConfigurationPlatforms) = preSolution
		Debug|Any CPU = Debug|Any CPU
		Release|Any CPU = Release|Any CPU
	EndGlobalSection
	GlobalSection(ProjectConfigurationPlatforms) = postSolution
		{8C1542A1-95B2-47A3-95F6-67487E6E9F07}.Debug|Any CPU.ActiveCfg = Debug|Any CPU
		{8C1542A1-95B2-47A3-95F6-67487E6E9F07}.Debug|Any CPU.Build.0 = Debug|Any CPU
		{8C1542A1-95B2-47A3-95F6-67487E6E9F07}.Release|Any CPU.ActiveCfg = Release|Any CPU
		{8C1542A1-95B2-47A3-95F6-67487E6E9F07}.Release|Any CPU.Build.0 = Release|Any CPU
	EndGlobalSection
	GlobalSection(SolutionProperties) = preSolution
		HideSolutionNode = FALSE
	EndGlobalSection
	GlobalSection(ExtensibilityGlobals) = postSolution
		SolutionGuid = {26447EB9-41D8-45A8-82A2-483568D45E25}
	EndGlobalSection
EndGlobal
