
Microsoft Visual Studio Solution File, Format Version 12.00
# Visual Studio 15
VisualStudioVersion = 15.0.33529.398
MinimumVisualStudioVersion = 10.0.40219.1
Project("{FAE04EC0-301F-11D3-BF4B-00C04F79EFBC}") = "1.1", "1.1\1.1.csproj", "{DB574DFF-B26F-4136-BB52-5BEB13938D0C}"
EndProject
Project("{FAE04EC0-301F-11D3-BF4B-00C04F79EFBC}") = "1.2", "1.2\1.2.csproj", "{5977738C-E004-493A-BA0F-42A6C2DC5AA4}"
EndProject
Project("{FAE04EC0-301F-11D3-BF4B-00C04F79EFBC}") = "ABM", "ABM\ABM.csproj", "{3F950541-1988-4ADC-B3E3-8D430441D636}"
EndProject
Project("{FAE04EC0-301F-11D3-BF4B-00C04F79EFBC}") = "EjOb1", "EjOb1\EjOb1.csproj", "{D1E6087A-A4D9-475B-8259-EAC492BEED39}"
EndProject
Project("{FAE04EC0-301F-11D3-BF4B-00C04F79EFBC}") = "EjOb2", "EjOb2\EjOb2.csproj", "{5F9B756D-9827-4D58-9E5B-C6155C50BC12}"
EndProject
Project("{FAE04EC0-301F-11D3-BF4B-00C04F79EFBC}") = "EjOb3", "EjOb3\EjOb3.csproj", "{34D7715B-3015-437A-847B-1C8E6F213B6D}"
EndProject
Project("{FAE04EC0-301F-11D3-BF4B-00C04F79EFBC}") = "EjOb4", "EjOb4\EjOb4.csproj", "{FD653442-50B7-48F7-9E0A-EF6430E94DC0}"
EndProject
Project("{FAE04EC0-301F-11D3-BF4B-00C04F79EFBC}") = "EjOb5", "EjOb5\EjOb5.csproj", "{E032C544-49EB-4CCE-B467-2016DE020BC3}"
EndProject
Project("{FAE04EC0-301F-11D3-BF4B-00C04F79EFBC}") = "Listas1", "Listas1\Listas1.csproj", "{2E98CB66-140E-43D1-B969-A214086BFA95}"
EndProject
Project("{FAE04EC0-301F-11D3-BF4B-00C04F79EFBC}") = "Listas2", "Listas2\Listas2.csproj", "{89ABD84A-8812-45B9-81F3-C387F42CC385}"
EndProject
Project("{FAE04EC0-301F-11D3-BF4B-00C04F79EFBC}") = "Listas3", "Listas3\Listas3.csproj", "{996E56B6-311E-4035-892C-D0524479555D}"
EndProject
Project("{FAE04EC0-301F-11D3-BF4B-00C04F79EFBC}") = "EjOb6", "EjOb6\EjOb6.csproj", "{567CFBCB-D117-49F1-9C6E-205436610D90}"
EndProject
Project("{FAE04EC0-301F-11D3-BF4B-00C04F79EFBC}") = "EjOb7", "EjOb7\EjOb7.csproj", "{BE6D4BCF-2D6D-45E7-B633-B262CEF08AC5}"
EndProject
Project("{FAE04EC0-301F-11D3-BF4B-00C04F79EFBC}") = "EjOb8", "EjOb8\EjOb8.csproj", "{06B4EF63-FD8B-4654-9E9B-C2879485D0FF}"
EndProject
Project("{FAE04EC0-301F-11D3-BF4B-00C04F79EFBC}") = "EjOb9", "EjOb9\EjOb9.csproj", "{4002E18C-9664-4EE1-AB10-AF7B660885F6}"
EndProject
Project("{FAE04EC0-301F-11D3-BF4B-00C04F79EFBC}") = "EjOb10", "EjOb10\EjOb10.csproj", "{050DFDE9-701F-469E-9AE5-F3924E45F627}"
EndProject
Project("{FAE04EC0-301F-11D3-BF4B-00C04F79EFBC}") = "EjOb11", "EjOb11\EjOb11.csproj", "{5FC236E8-5637-470A-9D86-3657F9742689}"
EndProject
Project("{FAE04EC0-301F-11D3-BF4B-00C04F79EFBC}") = "EjOb12", "EjOb12\EjOb12.csproj", "{19EFA52E-4E96-480A-BF74-6132818E277A}"
EndProject
Project("{FAE04EC0-301F-11D3-BF4B-00C04F79EFBC}") = "EjOb13", "EjOb13\EjOb13.csproj", "{D61EF7E4-5602-42F2-BDD8-5B79BE1855A0}"
EndProject
Project("{FAE04EC0-301F-11D3-BF4B-00C04F79EFBC}") = "EjOb14", "EjOb14\EjOb14.csproj", "{0B0D2F64-6193-4335-A821-8DF6E10E464E}"
EndProject
Project("{FAE04EC0-301F-11D3-BF4B-00C04F79EFBC}") = "EjOb15", "EjOb15\EjOb15.csproj", "{924FEFED-CA12-460D-BBA8-AA04C529E3C1}"
EndProject
Project("{FAE04EC0-301F-11D3-BF4B-00C04F79EFBC}") = "EjOb16", "EjOb16\EjOb16.csproj", "{B310D5AC-D1EE-4985-8E2D-9E3BC0E41384}"
EndProject
Project("{FAE04EC0-301F-11D3-BF4B-00C04F79EFBC}") = "EjOb17", "EjOb17\EjOb17.csproj", "{C93D607B-DE35-4738-B76A-6FF3E99F6AC4}"
EndProject
Global
	GlobalSection(SolutionConfigurationPlatforms) = preSolution
		Debug|Any CPU = Debug|Any CPU
		Release|Any CPU = Release|Any CPU
	EndGlobalSection
	GlobalSection(ProjectConfigurationPlatforms) = postSolution
		{DB574DFF-B26F-4136-BB52-5BEB13938D0C}.Debug|Any CPU.ActiveCfg = Debug|Any CPU
		{DB574DFF-B26F-4136-BB52-5BEB13938D0C}.Debug|Any CPU.Build.0 = Debug|Any CPU
		{DB574DFF-B26F-4136-BB52-5BEB13938D0C}.Release|Any CPU.ActiveCfg = Release|Any CPU
		{DB574DFF-B26F-4136-BB52-5BEB13938D0C}.Release|Any CPU.Build.0 = Release|Any CPU
		{5977738C-E004-493A-BA0F-42A6C2DC5AA4}.Debug|Any CPU.ActiveCfg = Debug|Any CPU
		{5977738C-E004-493A-BA0F-42A6C2DC5AA4}.Debug|Any CPU.Build.0 = Debug|Any CPU
		{5977738C-E004-493A-BA0F-42A6C2DC5AA4}.Release|Any CPU.ActiveCfg = Release|Any CPU
		{5977738C-E004-493A-BA0F-42A6C2DC5AA4}.Release|Any CPU.Build.0 = Release|Any CPU
		{3F950541-1988-4ADC-B3E3-8D430441D636}.Debug|Any CPU.ActiveCfg = Debug|Any CPU
		{3F950541-1988-4ADC-B3E3-8D430441D636}.Debug|Any CPU.Build.0 = Debug|Any CPU
		{3F950541-1988-4ADC-B3E3-8D430441D636}.Release|Any CPU.ActiveCfg = Release|Any CPU
		{3F950541-1988-4ADC-B3E3-8D430441D636}.Release|Any CPU.Build.0 = Release|Any CPU
		{D1E6087A-A4D9-475B-8259-EAC492BEED39}.Debug|Any CPU.ActiveCfg = Debug|Any CPU
		{D1E6087A-A4D9-475B-8259-EAC492BEED39}.Debug|Any CPU.Build.0 = Debug|Any CPU
		{D1E6087A-A4D9-475B-8259-EAC492BEED39}.Release|Any CPU.ActiveCfg = Release|Any CPU
		{D1E6087A-A4D9-475B-8259-EAC492BEED39}.Release|Any CPU.Build.0 = Release|Any CPU
		{5F9B756D-9827-4D58-9E5B-C6155C50BC12}.Debug|Any CPU.ActiveCfg = Debug|Any CPU
		{5F9B756D-9827-4D58-9E5B-C6155C50BC12}.Debug|Any CPU.Build.0 = Debug|Any CPU
		{5F9B756D-9827-4D58-9E5B-C6155C50BC12}.Release|Any CPU.ActiveCfg = Release|Any CPU
		{5F9B756D-9827-4D58-9E5B-C6155C50BC12}.Release|Any CPU.Build.0 = Release|Any CPU
		{34D7715B-3015-437A-847B-1C8E6F213B6D}.Debug|Any CPU.ActiveCfg = Debug|Any CPU
		{34D7715B-3015-437A-847B-1C8E6F213B6D}.Debug|Any CPU.Build.0 = Debug|Any CPU
		{34D7715B-3015-437A-847B-1C8E6F213B6D}.Release|Any CPU.ActiveCfg = Release|Any CPU
		{34D7715B-3015-437A-847B-1C8E6F213B6D}.Release|Any CPU.Build.0 = Release|Any CPU
		{FD653442-50B7-48F7-9E0A-EF6430E94DC0}.Debug|Any CPU.ActiveCfg = Debug|Any CPU
		{FD653442-50B7-48F7-9E0A-EF6430E94DC0}.Debug|Any CPU.Build.0 = Debug|Any CPU
		{FD653442-50B7-48F7-9E0A-EF6430E94DC0}.Release|Any CPU.ActiveCfg = Release|Any CPU
		{FD653442-50B7-48F7-9E0A-EF6430E94DC0}.Release|Any CPU.Build.0 = Release|Any CPU
		{E032C544-49EB-4CCE-B467-2016DE020BC3}.Debug|Any CPU.ActiveCfg = Debug|Any CPU
		{E032C544-49EB-4CCE-B467-2016DE020BC3}.Debug|Any CPU.Build.0 = Debug|Any CPU
		{E032C544-49EB-4CCE-B467-2016DE020BC3}.Release|Any CPU.ActiveCfg = Release|Any CPU
		{E032C544-49EB-4CCE-B467-2016DE020BC3}.Release|Any CPU.Build.0 = Release|Any CPU
		{2E98CB66-140E-43D1-B969-A214086BFA95}.Debug|Any CPU.ActiveCfg = Debug|Any CPU
		{2E98CB66-140E-43D1-B969-A214086BFA95}.Debug|Any CPU.Build.0 = Debug|Any CPU
		{2E98CB66-140E-43D1-B969-A214086BFA95}.Release|Any CPU.ActiveCfg = Release|Any CPU
		{2E98CB66-140E-43D1-B969-A214086BFA95}.Release|Any CPU.Build.0 = Release|Any CPU
		{89ABD84A-8812-45B9-81F3-C387F42CC385}.Debug|Any CPU.ActiveCfg = Debug|Any CPU
		{89ABD84A-8812-45B9-81F3-C387F42CC385}.Debug|Any CPU.Build.0 = Debug|Any CPU
		{89ABD84A-8812-45B9-81F3-C387F42CC385}.Release|Any CPU.ActiveCfg = Release|Any CPU
		{89ABD84A-8812-45B9-81F3-C387F42CC385}.Release|Any CPU.Build.0 = Release|Any CPU
		{996E56B6-311E-4035-892C-D0524479555D}.Debug|Any CPU.ActiveCfg = Debug|Any CPU
		{996E56B6-311E-4035-892C-D0524479555D}.Debug|Any CPU.Build.0 = Debug|Any CPU
		{996E56B6-311E-4035-892C-D0524479555D}.Release|Any CPU.ActiveCfg = Release|Any CPU
		{996E56B6-311E-4035-892C-D0524479555D}.Release|Any CPU.Build.0 = Release|Any CPU
		{567CFBCB-D117-49F1-9C6E-205436610D90}.Debug|Any CPU.ActiveCfg = Debug|Any CPU
		{567CFBCB-D117-49F1-9C6E-205436610D90}.Debug|Any CPU.Build.0 = Debug|Any CPU
		{567CFBCB-D117-49F1-9C6E-205436610D90}.Release|Any CPU.ActiveCfg = Release|Any CPU
		{567CFBCB-D117-49F1-9C6E-205436610D90}.Release|Any CPU.Build.0 = Release|Any CPU
		{BE6D4BCF-2D6D-45E7-B633-B262CEF08AC5}.Debug|Any CPU.ActiveCfg = Debug|Any CPU
		{BE6D4BCF-2D6D-45E7-B633-B262CEF08AC5}.Debug|Any CPU.Build.0 = Debug|Any CPU
		{BE6D4BCF-2D6D-45E7-B633-B262CEF08AC5}.Release|Any CPU.ActiveCfg = Release|Any CPU
		{BE6D4BCF-2D6D-45E7-B633-B262CEF08AC5}.Release|Any CPU.Build.0 = Release|Any CPU
		{06B4EF63-FD8B-4654-9E9B-C2879485D0FF}.Debug|Any CPU.ActiveCfg = Debug|Any CPU
		{06B4EF63-FD8B-4654-9E9B-C2879485D0FF}.Debug|Any CPU.Build.0 = Debug|Any CPU
		{06B4EF63-FD8B-4654-9E9B-C2879485D0FF}.Release|Any CPU.ActiveCfg = Release|Any CPU
		{06B4EF63-FD8B-4654-9E9B-C2879485D0FF}.Release|Any CPU.Build.0 = Release|Any CPU
		{4002E18C-9664-4EE1-AB10-AF7B660885F6}.Debug|Any CPU.ActiveCfg = Debug|Any CPU
		{4002E18C-9664-4EE1-AB10-AF7B660885F6}.Debug|Any CPU.Build.0 = Debug|Any CPU
		{4002E18C-9664-4EE1-AB10-AF7B660885F6}.Release|Any CPU.ActiveCfg = Release|Any CPU
		{4002E18C-9664-4EE1-AB10-AF7B660885F6}.Release|Any CPU.Build.0 = Release|Any CPU
		{050DFDE9-701F-469E-9AE5-F3924E45F627}.Debug|Any CPU.ActiveCfg = Debug|Any CPU
		{050DFDE9-701F-469E-9AE5-F3924E45F627}.Debug|Any CPU.Build.0 = Debug|Any CPU
		{050DFDE9-701F-469E-9AE5-F3924E45F627}.Release|Any CPU.ActiveCfg = Release|Any CPU
		{050DFDE9-701F-469E-9AE5-F3924E45F627}.Release|Any CPU.Build.0 = Release|Any CPU
		{5FC236E8-5637-470A-9D86-3657F9742689}.Debug|Any CPU.ActiveCfg = Debug|Any CPU
		{5FC236E8-5637-470A-9D86-3657F9742689}.Debug|Any CPU.Build.0 = Debug|Any CPU
		{5FC236E8-5637-470A-9D86-3657F9742689}.Release|Any CPU.ActiveCfg = Release|Any CPU
		{5FC236E8-5637-470A-9D86-3657F9742689}.Release|Any CPU.Build.0 = Release|Any CPU
		{19EFA52E-4E96-480A-BF74-6132818E277A}.Debug|Any CPU.ActiveCfg = Debug|Any CPU
		{19EFA52E-4E96-480A-BF74-6132818E277A}.Debug|Any CPU.Build.0 = Debug|Any CPU
		{19EFA52E-4E96-480A-BF74-6132818E277A}.Release|Any CPU.ActiveCfg = Release|Any CPU
		{19EFA52E-4E96-480A-BF74-6132818E277A}.Release|Any CPU.Build.0 = Release|Any CPU
		{D61EF7E4-5602-42F2-BDD8-5B79BE1855A0}.Debug|Any CPU.ActiveCfg = Debug|Any CPU
		{D61EF7E4-5602-42F2-BDD8-5B79BE1855A0}.Debug|Any CPU.Build.0 = Debug|Any CPU
		{D61EF7E4-5602-42F2-BDD8-5B79BE1855A0}.Release|Any CPU.ActiveCfg = Release|Any CPU
		{D61EF7E4-5602-42F2-BDD8-5B79BE1855A0}.Release|Any CPU.Build.0 = Release|Any CPU
		{0B0D2F64-6193-4335-A821-8DF6E10E464E}.Debug|Any CPU.ActiveCfg = Debug|Any CPU
		{0B0D2F64-6193-4335-A821-8DF6E10E464E}.Debug|Any CPU.Build.0 = Debug|Any CPU
		{0B0D2F64-6193-4335-A821-8DF6E10E464E}.Release|Any CPU.ActiveCfg = Release|Any CPU
		{0B0D2F64-6193-4335-A821-8DF6E10E464E}.Release|Any CPU.Build.0 = Release|Any CPU
		{924FEFED-CA12-460D-BBA8-AA04C529E3C1}.Debug|Any CPU.ActiveCfg = Debug|Any CPU
		{924FEFED-CA12-460D-BBA8-AA04C529E3C1}.Debug|Any CPU.Build.0 = Debug|Any CPU
		{924FEFED-CA12-460D-BBA8-AA04C529E3C1}.Release|Any CPU.ActiveCfg = Release|Any CPU
		{924FEFED-CA12-460D-BBA8-AA04C529E3C1}.Release|Any CPU.Build.0 = Release|Any CPU
		{B310D5AC-D1EE-4985-8E2D-9E3BC0E41384}.Debug|Any CPU.ActiveCfg = Debug|Any CPU
		{B310D5AC-D1EE-4985-8E2D-9E3BC0E41384}.Debug|Any CPU.Build.0 = Debug|Any CPU
		{B310D5AC-D1EE-4985-8E2D-9E3BC0E41384}.Release|Any CPU.ActiveCfg = Release|Any CPU
		{B310D5AC-D1EE-4985-8E2D-9E3BC0E41384}.Release|Any CPU.Build.0 = Release|Any CPU
		{C93D607B-DE35-4738-B76A-6FF3E99F6AC4}.Debug|Any CPU.ActiveCfg = Debug|Any CPU
		{C93D607B-DE35-4738-B76A-6FF3E99F6AC4}.Debug|Any CPU.Build.0 = Debug|Any CPU
		{C93D607B-DE35-4738-B76A-6FF3E99F6AC4}.Release|Any CPU.ActiveCfg = Release|Any CPU
		{C93D607B-DE35-4738-B76A-6FF3E99F6AC4}.Release|Any CPU.Build.0 = Release|Any CPU
	EndGlobalSection
	GlobalSection(SolutionProperties) = preSolution
		HideSolutionNode = FALSE
	EndGlobalSection
	GlobalSection(ExtensibilityGlobals) = postSolution
		SolutionGuid = {CCBB996A-A698-4DB8-A30E-38E8DEE77B3F}
	EndGlobalSection
EndGlobal
