
Microsoft Visual Studio Solution File, Format Version 12.00
# Visual Studio 15
VisualStudioVersion = 15.0.33529.398
MinimumVisualStudioVersion = 10.0.40219.1
Project("{FAE04EC0-301F-11D3-BF4B-00C04F79EFBC}") = "Ejer1.1", "Ejer1.1.csproj", "{9705DF58-DD0E-40F8-83B8-9B20665935C7}"
EndProject
Global
	GlobalSection(SolutionConfigurationPlatforms) = preSolution
		Debug|Any CPU = Debug|Any CPU
		Release|Any CPU = Release|Any CPU
	EndGlobalSection
	GlobalSection(ProjectConfigurationPlatforms) = postSolution
		{9705DF58-DD0E-40F8-83B8-9B20665935C7}.Debug|Any CPU.ActiveCfg = Debug|Any CPU
		{9705DF58-DD0E-40F8-83B8-9B20665935C7}.Debug|Any CPU.Build.0 = Debug|Any CPU
		{9705DF58-DD0E-40F8-83B8-9B20665935C7}.Release|Any CPU.ActiveCfg = Release|Any CPU
		{9705DF58-DD0E-40F8-83B8-9B20665935C7}.Release|Any CPU.Build.0 = Release|Any CPU
	EndGlobalSection
	GlobalSection(SolutionProperties) = preSolution
		HideSolutionNode = FALSE
	EndGlobalSection
	GlobalSection(ExtensibilityGlobals) = postSolution
		SolutionGuid = {C1E8C24D-1413-464E-B55F-1F908BBC9E9A}
	EndGlobalSection
EndGlobal
